{
    "_readme": [
        "This file locks the dependencies of your project to a known state",
        "Read more about it at https://getcomposer.org/doc/01-basic-usage.md#installing-dependencies",
        "This file is @generated automatically"
    ],
    "content-hash": "ad92a196e03681991c0578afc77d443b",
    "packages": [
        {
            "name": "league/iso3166",
            "version": "4.4.0",
            "source": {
                "type": "git",
                "url": "https://github.com/alcohol/iso3166.git",
                "reference": "928ac7ecc569db9123a83ef5b1c6efc279e7cb49"
            },
            "dist": {
                "type": "zip",
                "url": "https://api.github.com/repos/alcohol/iso3166/zipball/928ac7ecc569db9123a83ef5b1c6efc279e7cb49",
                "reference": "928ac7ecc569db9123a83ef5b1c6efc279e7cb49",
                "shasum": ""
            },
            "require": {
                "ext-mbstring": "*",
                "php": "^7.4 || ^8.0"
            },
            "require-dev": {
                "phpstan/phpstan": "^1.12.6",
                "phpstan/phpstan-deprecation-rules": "^1.2.1",
                "phpstan/phpstan-strict-rules": "^1.6.1",
                "phpunit/phpunit": "^9.6.21"
            },
            "type": "library",
            "extra": {
                "branch-alias": {
                    "dev-master": "4.x-dev"
                }
            },
            "autoload": {
                "psr-4": {
                    "League\\ISO3166\\": "src"
                }
            },
            "notification-url": "https://packagist.org/downloads/",
            "license": [
                "MIT"
            ],
            "authors": [
                {
                    "name": "Rob Bast",
                    "email": "rob.bast@gmail.com"
                }
            ],
            "description": "ISO 3166-1 PHP Library",
            "homepage": "https://github.com/alcohol/iso3166",
            "keywords": [
                "3166",
                "3166-1",
                "ISO 3166",
                "countries",
                "iso",
                "library"
            ],
            "support": {
                "issues": "https://github.com/alcohol/iso3166/issues",
                "source": "https://github.com/alcohol/iso3166"
            },
            "funding": [
                {
                    "url": "https://github.com/alcohol",
                    "type": "github"
                }
            ],
            "time": "2026-01-02T09:49:36+00:00"
        },
        {
            "name": "ml/iri",
            "version": "1.1.4",
            "target-dir": "ML/IRI",
            "source": {
                "type": "git",
                "url": "https://github.com/lanthaler/IRI.git",
                "reference": "cbd44fa913e00ea624241b38cefaa99da8d71341"
            },
            "dist": {
                "type": "zip",
                "url": "https://api.github.com/repos/lanthaler/IRI/zipball/cbd44fa913e00ea624241b38cefaa99da8d71341",
                "reference": "cbd44fa913e00ea624241b38cefaa99da8d71341",
                "shasum": ""
            },
            "require": {
                "lib-pcre": ">=4.0",
                "php": ">=5.3.0"
            },
            "type": "library",
            "autoload": {
                "psr-0": {
                    "ML\\IRI": ""
                }
            },
            "notification-url": "https://packagist.org/downloads/",
            "license": [
                "MIT"
            ],
            "authors": [
                {
                    "name": "Markus Lanthaler",
                    "email": "mail@markus-lanthaler.com",
                    "homepage": "http://www.markus-lanthaler.com",
                    "role": "Developer"
                }
            ],
            "description": "IRI handling for PHP",
            "homepage": "http://www.markus-lanthaler.com",
            "keywords": [
                "URN",
                "iri",
                "uri",
                "url"
            ],
            "support": {
                "issues": "https://github.com/lanthaler/IRI/issues",
                "source": "https://github.com/lanthaler/IRI/tree/master"
            },
            "time": "2014-01-21T13:43:39+00:00"
        },
        {
            "name": "ml/json-ld",
            "version": "1.2.1",
            "source": {
                "type": "git",
                "url": "https://github.com/lanthaler/JsonLD.git",
                "reference": "537e68e87a6bce23e57c575cd5dcac1f67ce25d8"
            },
            "dist": {
                "type": "zip",
                "url": "https://api.github.com/repos/lanthaler/JsonLD/zipball/537e68e87a6bce23e57c575cd5dcac1f67ce25d8",
                "reference": "537e68e87a6bce23e57c575cd5dcac1f67ce25d8",
                "shasum": ""
            },
            "require": {
                "ext-json": "*",
                "ml/iri": "^1.1.1",
                "php": ">=5.3.0"
            },
            "require-dev": {
                "json-ld/tests": "1.0",
                "phpunit/phpunit": "^4"
            },
            "type": "library",
            "autoload": {
                "psr-4": {
                    "ML\\JsonLD\\": ""
                }
            },
            "notification-url": "https://packagist.org/downloads/",
            "license": [
                "MIT"
            ],
            "authors": [
                {
                    "name": "Markus Lanthaler",
                    "email": "mail@markus-lanthaler.com",
                    "homepage": "http://www.markus-lanthaler.com",
                    "role": "Developer"
                }
            ],
            "description": "JSON-LD Processor for PHP",
            "homepage": "http://www.markus-lanthaler.com",
            "keywords": [
                "JSON-LD",
                "jsonld"
            ],
            "support": {
                "issues": "https://github.com/lanthaler/JsonLD/issues",
                "source": "https://github.com/lanthaler/JsonLD/tree/1.2.1"
            },
            "time": "2022-09-29T08:45:17+00:00"
        },
        {
            "name": "psr/http-message",
            "version": "2.0",
            "source": {
                "type": "git",
                "url": "https://github.com/php-fig/http-message.git",
                "reference": "402d35bcb92c70c026d1a6a9883f06b2ead23d71"
            },
            "dist": {
                "type": "zip",
                "url": "https://api.github.com/repos/php-fig/http-message/zipball/402d35bcb92c70c026d1a6a9883f06b2ead23d71",
                "reference": "402d35bcb92c70c026d1a6a9883f06b2ead23d71",
                "shasum": ""
            },
            "require": {
                "php": "^7.2 || ^8.0"
            },
            "type": "library",
            "extra": {
                "branch-alias": {
                    "dev-master": "2.0.x-dev"
                }
            },
            "autoload": {
                "psr-4": {
                    "Psr\\Http\\Message\\": "src/"
                }
            },
            "notification-url": "https://packagist.org/downloads/",
            "license": [
                "MIT"
            ],
            "authors": [
                {
                    "name": "PHP-FIG",
                    "homepage": "https://www.php-fig.org/"
                }
            ],
            "description": "Common interface for HTTP messages",
            "homepage": "https://github.com/php-fig/http-message",
            "keywords": [
                "http",
                "http-message",
                "psr",
                "psr-7",
                "request",
                "response"
            ],
            "support": {
                "source": "https://github.com/php-fig/http-message/tree/2.0"
            },
            "time": "2023-04-04T09:54:51+00:00"
        },
        {
            "name": "sweetrdf/easyrdf",
            "version": "1.19.0",
            "source": {
                "type": "git",
                "url": "https://github.com/sweetrdf/easyrdf.git",
                "reference": "e1d60a7686cff8177575218d027cc9e100fb0e4c"
            },
            "dist": {
                "type": "zip",
                "url": "https://api.github.com/repos/sweetrdf/easyrdf/zipball/e1d60a7686cff8177575218d027cc9e100fb0e4c",
                "reference": "e1d60a7686cff8177575218d027cc9e100fb0e4c",
                "shasum": ""
            },
            "require": {
                "ext-dom": "*",
                "ext-mbstring": "*",
                "ext-pcre": "*",
                "ext-xmlreader": "*",
                "lib-libxml": "*",
                "php": "^8.0",
                "sweetrdf/rdf-helpers": "^2.0"
            },
            "replace": {
                "easyrdf/easyrdf": "1.1.*"
            },
            "require-dev": {
                "friendsofphp/php-cs-fixer": "^3.0",
                "laminas/laminas-http": "^2",
                "phpstan/phpstan": "^1.0",
                "phpstan/phpstan-phpunit": "^1.0",
                "phpunit/phpunit": "^9.5.0|^10.0.0",
                "semsol/arc2": "^3",
                "sweetrdf/json-ld": "^1.3"
            },
            "type": "library",
            "autoload": {
                "psr-4": {
                    "EasyRdf\\": "lib"
                }
            },
            "notification-url": "https://packagist.org/downloads/",
            "license": [
                "BSD-3-Clause"
            ],
            "authors": [
                {
                    "name": "Nicholas Humfrey",
                    "email": "njh@aelius.com",
                    "homepage": "http://www.aelius.com/njh/",
                    "role": "Developer"
                },
                {
                    "name": "Alexey Zakhlestin",
                    "email": "indeyets@gmail.com",
                    "homepage": "http://indeyets.ru/",
                    "role": "Developer"
                },
                {
                    "name": "Konrad Abicht",
                    "email": "hi@inspirito.de",
                    "homepage": "http://inspirito.de/",
                    "role": "Maintainer, Developer"
                }
            ],
            "description": "EasyRdf is a PHP library designed to make it easy to consume and produce RDF.",
            "keywords": [
                "Linked Data",
                "RDF",
                "Semantic Web",
                "Turtle",
                "rdfa",
                "sparql"
            ],
            "support": {
                "issues": "https://github.com/sweetrdf/easyrdf/issues",
                "source": "https://github.com/sweetrdf/easyrdf/tree/1.19.0"
            },
            "time": "2026-01-07T14:46:24+00:00"
        },
        {
            "name": "sweetrdf/rdf-helpers",
            "version": "2.1.2",
            "source": {
                "type": "git",
                "url": "https://github.com/sweetrdf/rdfHelpers.git",
                "reference": "6a1389bd8ade42f9f5a29bb74d8e0fb9a70691b1"
            },
            "dist": {
                "type": "zip",
                "url": "https://api.github.com/repos/sweetrdf/rdfHelpers/zipball/6a1389bd8ade42f9f5a29bb74d8e0fb9a70691b1",
                "reference": "6a1389bd8ade42f9f5a29bb74d8e0fb9a70691b1",
                "shasum": ""
            },
            "require": {
                "php": ">=8.0",
                "sweetrdf/rdf-interface": "^2 | ^3",
                "zozlak/rdf-constants": "^1.1"
            },
            "require-dev": {
                "phpstan/phpstan": "^1",
                "phpunit/phpunit": "^10"
            },
            "type": "library",
            "autoload": {
                "psr-4": {
                    "rdfHelpers\\": "src/rdfHelpers"
                }
            },
            "notification-url": "https://packagist.org/downloads/",
            "license": [
                "MIT"
            ],
            "authors": [
                {
                    "name": "Mateusz Żółtak",
                    "email": "zozlak@zozlak.org",
                    "role": "Developer"
                }
            ],
            "description": "Set of low level helpers for implementing rdfInterface",
            "homepage": "https://github.com/sweetrdf/rdfHelpers",
            "support": {
                "issues": "https://github.com/sweetrdf/rdfHelpers/issues",
                "source": "https://github.com/sweetrdf/rdfHelpers/tree/2.1.2"
            },
            "time": "2026-03-18T12:41:27+00:00"
        },
        {
            "name": "sweetrdf/rdf-interface",
            "version": "3.2.0",
            "source": {
                "type": "git",
                "url": "https://github.com/sweetrdf/rdfInterface.git",
                "reference": "82b565c724b8ce30ea918bfff2232832c66a912f"
            },
            "dist": {
                "type": "zip",
                "url": "https://api.github.com/repos/sweetrdf/rdfInterface/zipball/82b565c724b8ce30ea918bfff2232832c66a912f",
                "reference": "82b565c724b8ce30ea918bfff2232832c66a912f",
                "shasum": ""
            },
            "require": {
                "php": ">=8.0",
                "psr/http-message": "^1.0 || ^2.0",
                "zozlak/rdf-constants": "*"
            },
            "require-dev": {
                "phpstan/phpstan": "*"
            },
            "type": "library",
            "autoload": {
                "psr-4": {
                    "rdfInterface\\": "src/rdfInterface"
                }
            },
            "notification-url": "https://packagist.org/downloads/",
            "license": [
                "MIT"
            ],
            "authors": [
                {
                    "name": "Mateusz Żółtak",
                    "email": "zozlak@zozlak.org",
                    "role": "Developer"
                }
            ],
            "description": "A common RDF interface for PHP RDF libraries.",
            "homepage": "https://github.com/sweetrdf/rdfInterface",
            "support": {
                "issues": "https://github.com/sweetrdf/rdfInterface/issues",
                "source": "https://github.com/sweetrdf/rdfInterface/tree/3.2.0"
            },
            "time": "2025-04-28T12:22:37+00:00"
        },
        {
            "name": "wikimedia/utfnormal",
            "version": "4.0.0",
            "source": {
                "type": "git",
                "url": "https://github.com/wikimedia/utfnormal.git",
                "reference": "6f3690d3ca446d9745fa3410bb993470afd7bc25"
            },
            "dist": {
                "type": "zip",
                "url": "https://api.github.com/repos/wikimedia/utfnormal/zipball/6f3690d3ca446d9745fa3410bb993470afd7bc25",
                "reference": "6f3690d3ca446d9745fa3410bb993470afd7bc25",
                "shasum": ""
            },
            "require": {
                "ext-mbstring": "*",
                "php": ">=7.4.3"
            },
            "require-dev": {
                "ext-curl": "*",
                "mediawiki/mediawiki-codesniffer": "41.0.0",
                "mediawiki/mediawiki-phan-config": "0.12.1",
                "mediawiki/minus-x": "1.1.1",
                "ockcyp/covers-validator": "1.6.0",
                "php-parallel-lint/php-console-highlighter": "1.0.0",
                "php-parallel-lint/php-parallel-lint": "1.3.2",
                "phpunit/phpunit": "9.5.28"
            },
            "suggest": {
                "ext-intl": "Optional extension, for improved performance. PHP code fallback is used instead if ext-intl is not present."
            },
            "type": "library",
            "autoload": {
                "classmap": [
                    "src/"
                ]
            },
            "notification-url": "https://packagist.org/downloads/",
            "license": [
                "GPL-2.0-or-later"
            ],
            "authors": [
                {
                    "name": "Brion Vibber",
                    "email": "bvibber@wikimedia.org"
                }
            ],
            "description": "Contains Unicode normalization routines, including both pure PHP implementations and automatic use of the 'intl' PHP extension when present",
            "homepage": "https://www.mediawiki.org/wiki/utfnormal",
            "support": {
                "source": "https://github.com/wikimedia/utfnormal/tree/4.0.0"
            },
            "time": "2023-04-17T20:37:19+00:00"
        },
        {
            "name": "zozlak/rdf-constants",
            "version": "1.2.1",
            "source": {
                "type": "git",
                "url": "https://github.com/zozlak/RdfConstants.git",
                "reference": "a8de0b50d23b213a68784ec2cec22b4ad838012b"
            },
            "dist": {
                "type": "zip",
                "url": "https://api.github.com/repos/zozlak/RdfConstants/zipball/a8de0b50d23b213a68784ec2cec22b4ad838012b",
                "reference": "a8de0b50d23b213a68784ec2cec22b4ad838012b",
                "shasum": ""
            },
            "type": "library",
            "autoload": {
                "psr-4": {
                    "zozlak\\": "src/zozlak"
                }
            },
            "notification-url": "https://packagist.org/downloads/",
            "license": [
                "MIT"
            ],
            "authors": [
                {
                    "name": "Mateusz Żółtak",
                    "email": "zozlak@zozlak.org"
                }
            ],
            "description": "A set of commonly used RDF and XSD constants",
            "homepage": "https://github.com/zozlak/RdfConstants",
            "support": {
                "issues": "https://github.com/zozlak/RdfConstants/issues",
                "source": "https://github.com/zozlak/RdfConstants/tree/1.2.1"
            },
            "time": "2022-08-05T12:50:50+00:00"
        }
    ],
    "packages-dev": [],
    "aliases": [],
    "minimum-stability": "stable",
    "stability-flags": {},
    "prefer-stable": false,
    "prefer-lowest": false,
    "platform": {
        "php": "^7.3|^8.1"
    },
    "platform-dev": {},
    "plugin-api-version": "2.9.0"
}
